
Microsoft Visual Studio Solution File, Format Version 12.00
# Visual Studio Version 17
VisualStudioVersion = 17.6.33417.168
MinimumVisualStudioVersion = 10.0.40219.1
Project("{FAE04EC0-301F-11D3-BF4B-00C04F79EFBC}") = "CookiesAuthenticationInAspDotNetCoreMvc", "CookiesAuthenticationInAspDotNetCoreMvc\CookiesAuthenticationInAspDotNetCoreMvc.csproj", "{9D525700-CDA9-46EC-97A0-1C8016C92F43}"
EndProject
Global
	GlobalSection(SolutionConfigurationPlatforms) = preSolution
		Debug|Any CPU = Debug|Any CPU
		Release|Any CPU = Release|Any CPU
	EndGlobalSection
	GlobalSection(ProjectConfigurationPlatforms) = postSolution
		{9D525700-CDA9-46EC-97A0-1C8016C92F43}.Debug|Any CPU.ActiveCfg = Debug|Any CPU
		{9D525700-CDA9-46EC-97A0-1C8016C92F43}.Debug|Any CPU.Build.0 = Debug|Any CPU
		{9D525700-CDA9-46EC-97A0-1C8016C92F43}.Release|Any CPU.ActiveCfg = Release|Any CPU
		{9D525700-CDA9-46EC-97A0-1C8016C92F43}.Release|Any CPU.Build.0 = Release|Any CPU
	EndGlobalSection
	GlobalSection(SolutionProperties) = preSolution
		HideSolutionNode = FALSE
	EndGlobalSection
	GlobalSection(ExtensibilityGlobals) = postSolution
		SolutionGuid = {AE106767-6A5A-4E02-8BA8-A15A9F1FB5A7}
	EndGlobalSection
EndGlobal
